{
    "_readme": [
        "This file locks the dependencies of your project to a known state",
        "Read more about it at http://getcomposer.org/doc/01-basic-usage.md#composer-lock-the-lock-file",
        "This file is @generated automatically"
    ],
    "hash": "5bbe714fad3adf11d02121f47ecb5722",
    "packages": [
        {
            "name": "phly/http",
            "version": "dev-master",
            "source": {
                "type": "git",
                "url": "https://github.com/phly/http.git",
                "reference": "e24b6ba7ce6c3b6adbece61d22cc9a3905e1c3fd"
            },
            "dist": {
                "type": "zip",
                "url": "https://api.github.com/repos/phly/http/zipball/e24b6ba7ce6c3b6adbece61d22cc9a3905e1c3fd",
                "reference": "e24b6ba7ce6c3b6adbece61d22cc9a3905e1c3fd",
                "shasum": ""
            },
            "require": {
                "php": ">=5.4.8",
                "psr/http-message": "^0.9"
            },
            "require-dev": {
                "phpunit/phpunit": "3.7.*",
                "squizlabs/php_codesniffer": "1.5.*"
            },
            "type": "library",
            "extra": {
                "branch-alias": {
                    "dev-master": "1.0-dev",
                    "dev-develop": "1.1-dev"
                }
            },
            "autoload": {
                "psr-4": {
                    "Phly\\Http\\": "src/"
                }
            },
            "notification-url": "https://packagist.org/downloads/",
            "license": [
                "BSD-2-Clause"
            ],
            "authors": [
                {
                    "name": "Matthew Weier O'Phinney",
                    "email": "matthew@weierophinney.net",
                    "homepage": "http://mwop.net"
                }
            ],
            "description": "PSR HTTP Message implementations",
            "homepage": "https://github.com/phly/http",
            "keywords": [
                "http"
            ],
            "time": "2015-03-10 16:39:14"
        },
        {
            "name": "psr/http-message",
            "version": "0.9.1",
            "source": {
                "type": "git",
                "url": "https://github.com/php-fig/http-message.git",
                "reference": "83826b66ae8353aee295f236790a6a188e5c21de"
            },
            "dist": {
                "type": "zip",
                "url": "https://api.github.com/repos/php-fig/http-message/zipball/83826b66ae8353aee295f236790a6a188e5c21de",
                "reference": "83826b66ae8353aee295f236790a6a188e5c21de",
                "shasum": ""
            },
            "type": "library",
            "extra": {
                "branch-alias": {
                    "dev-master": "1.0.x-dev"
                }
            },
            "autoload": {
                "psr-4": {
                    "Psr\\Http\\Message\\": "src"
                }
            },
            "notification-url": "https://packagist.org/downloads/",
            "license": [
                "MIT"
            ],
            "authors": [
                {
                    "name": "PHP-FIG",
                    "homepage": "http://www.php-fig.org/"
                }
            ],
            "description": "Common interface for HTTP messages",
            "keywords": [
                "http",
                "http-message",
                "psr",
                "psr-7",
                "request",
                "response"
            ],
            "time": "2015-03-04 22:45:46"
        }
    ],
    "packages-dev": [],
    "aliases": [],
    "minimum-stability": "stable",
    "stability-flags": {
        "phly/http": 20
    },
    "prefer-stable": false,
    "prefer-lowest": false,
    "platform": [],
    "platform-dev": []
}
